{
    "_meta": {
        "hash": {
            "sha256": "3d3c859c3db4e658385713143ec974d550c0e7fb89f17e69bf23f5b4462ea620"
        },
        "pipfile-spec": 6,
        "requires": {
            "python_version": "3.11"
        },
        "sources": [
            {
                "name": "pypi",
                "url": "https://pypi.org/simple",
                "verify_ssl": true
            }
        ]
    },
    "default": {
        "psutil": {
            "hashes": [
                "sha256:09ad740870c8d219ed8daae0ad3b726d3bf9a028a198e7f3080f6a1888b99bca",
                "sha256:22e4454970b32472ce7deaa45d045b34d3648ce478e26a04c7e858a0a6e75ff3",
                "sha256:57f5e987c36d3146c0dd2528cd42151cf96cd359b9d67cfff836995cc5df9a3d",
                "sha256:5d007560c8c372efdff9e4579c2846d71de737e4605f611437255e81efcca2c5",
                "sha256:655708b3c069387c8b77b072fc429a57d0e214221d01c0a772df7dfedcb3bcd2",
                "sha256:6937cb68133e7c97b6cc9649a570c9a18ba0efebed46d8c5dae4c07fa1b67a07",
                "sha256:76168cef4397494250e9f4e73eb3752b146de1dd950040b29186d0cce1d5ca13",
                "sha256:7d4a113425c037300de3ac8b331637293da9be9713855c4fc9d2d97436d7259d",
                "sha256:8c70e113920d51e89f212dd7be06219a9b88014e63a4cec69b684c327bc474e3"
            ],
            "index": "pypi",
            "markers": "python_version >= '3.6'",
            "version": "==7.1.0"
        },
        "tabulate": {
            "hashes": [
                "sha256:0095b12bf5966de529c0feb1fa08671671b3368eec77d7ef7ab114be2c068b3c",
                "sha256:024ca478df22e9340661486f85298cff5f6dcdba14f3813e8830015b9ed1948f"
            ],
            "index": "pypi",
            "markers": "python_version >= '3.7'",
            "version": "==0.9.0"
        }
    },
    "develop": {}
}
