{
    "_meta": {
        "hash": {
            "sha256": "3d3c859c3db4e658385713143ec974d550c0e7fb89f17e69bf23f5b4462ea620"
        },
        "pipfile-spec": 6,
        "requires": {
            "python_version": "3.11"
        },
        "sources": [
            {
                "name": "pypi",
                "url": "https://pypi.org/simple",
                "verify_ssl": true
            }
        ]
    },
    "default": {
        "psutil": {
            "hashes": [
                "sha256:0cc5c6889b9871f231ed5455a9a02149e388fffcb30b607fb7a8896a6d95f22e",
                "sha256:20c00824048a95de67f00afedc7b08b282aa08638585b0206a9fb51f28f1a165",
                "sha256:2a486030d2fe81bec023f703d3d155f4823a10a47c36784c84f1cc7f8d39bedb",
                "sha256:329f05610da6380982e6078b9d0881d9ab1e9a7eb7c02d833bfb7340aa634e31",
                "sha256:364b1c10fe4ed59c89ec49e5f1a70da353b27986fa8233b4b999df4742a5ee2f",
                "sha256:3e988455e61c240cc879cb62a008c2699231bf3e3d061d7fce4234463fd2abb4",
                "sha256:3efd8fc791492e7808a51cb2b94889db7578bfaea22df931424f874468e389e3",
                "sha256:4a24bcd7b7f2918d934af0fb91859f621b873d6aa81267575e3655cd387572a7",
                "sha256:625977443498ee7d6c1e63e93bacca893fd759a66c5f635d05e05811d23fb5ee",
                "sha256:7b04c29e3c0c888e83ed4762b70f31e65c42673ea956cefa8ced0e31e185f582",
                "sha256:7d9623a5e4164d2220ecceb071f4b333b3c78866141e8887c072129185f41278",
                "sha256:8e17852114c4e7996fe9da4745c2bdef001ebbf2f260dec406290e66628bdb91",
                "sha256:8e9e77a977208d84aa363a4a12e0f72189d58bbf4e46b49aae29a2c6e93ef206",
                "sha256:aa225cdde1335ff9684708ee8c72650f6598d5ed2114b9a7c5802030b1785018",
                "sha256:c9ba5c19f2d46203ee8c152c7b01df6eec87d883cfd8ee1af2ef2727f6b0f814",
                "sha256:e09cfe92aa8e22b1ec5e2d394820cf86c5dff6367ac3242366485dfa874d43bc",
                "sha256:e2aeb9b64f481b8eabfc633bd39e0016d4d8bbcd590d984af764d80bf0851b8a",
                "sha256:f101ef84de7e05d41310e3ccbdd65a6dd1d9eed85e8aaf0758405d022308e204",
                "sha256:fa6342cf859c48b19df3e4aa170e4cfb64aadc50b11e06bb569c6c777b089c9e"
            ],
            "index": "pypi",
            "markers": "python_version >= '3.6'",
            "version": "==7.1.2"
        },
        "tabulate": {
            "hashes": [
                "sha256:0095b12bf5966de529c0feb1fa08671671b3368eec77d7ef7ab114be2c068b3c",
                "sha256:024ca478df22e9340661486f85298cff5f6dcdba14f3813e8830015b9ed1948f"
            ],
            "index": "pypi",
            "markers": "python_version >= '3.7'",
            "version": "==0.9.0"
        }
    },
    "develop": {}
}
