{
    "_meta": {
        "hash": {
            "sha256": "3d3c859c3db4e658385713143ec974d550c0e7fb89f17e69bf23f5b4462ea620"
        },
        "pipfile-spec": 6,
        "requires": {
            "python_version": "3.11"
        },
        "sources": [
            {
                "name": "pypi",
                "url": "https://pypi.org/simple",
                "verify_ssl": true
            }
        ]
    },
    "default": {
        "psutil": {
            "hashes": [
                "sha256:000d1d1ebd634b4efb383f4034437384e44a6d455260aaee2eca1e9c1b55f047",
                "sha256:045f00a43c737f960d273a83973b2511430d61f283a44c96bf13a6e829ba8fdc",
                "sha256:0895b8414afafc526712c498bd9de2b063deaac4021a3b3c34566283464aff8e",
                "sha256:1209036fbd0421afde505a4879dee3b2fd7b1e14fee81c0069807adcbbcca747",
                "sha256:1ad45a1f5d0b608253b11508f80940985d1d0c8f6111b5cb637533a0e6ddc13e",
                "sha256:353815f59a7f64cdaca1c0307ee13558a0512f6db064e92fe833784f08539c7a",
                "sha256:498c6979f9c6637ebc3a73b3f87f9eb1ec24e1ce53a7c5173b8508981614a90b",
                "sha256:5cd2bcdc75b452ba2e10f0e8ecc0b57b827dd5d7aaffbc6821b2a9a242823a76",
                "sha256:6d3fbbc8d23fcdcb500d2c9f94e07b1342df8ed71b948a2649b5cb060a7c94ca",
                "sha256:6e2dcd475ce8b80522e51d923d10c7871e45f20918e027ab682f94f1c6351688",
                "sha256:9118f27452b70bb1d9ab3198c1f626c2499384935aaf55388211ad982611407e",
                "sha256:9dcbfce5d89f1d1f2546a2090f4fcf87c7f669d1d90aacb7d7582addece9fb38",
                "sha256:a8506f6119cff7015678e2bce904a4da21025cc70ad283a53b099e7620061d85",
                "sha256:a8fb3752b491d246034fa4d279ff076501588ce8cbcdbb62c32fd7a377d996be",
                "sha256:c0e0c00aa18ca2d3b2b991643b799a15fc8f0563d2ebb6040f64ce8dc027b942",
                "sha256:d905186d647b16755a800e7263d43df08b790d709d575105d419f8b6ef65423a",
                "sha256:ff34df86226c0227c52f38b919213157588a678d049688eded74c76c8ba4a5d0"
            ],
            "index": "pypi",
            "markers": "python_version >= '2.7' and python_version not in '3.0, 3.1, 3.2, 3.3, 3.4, 3.5'",
            "version": "==6.1.0"
        },
        "tabulate": {
            "hashes": [
                "sha256:0095b12bf5966de529c0feb1fa08671671b3368eec77d7ef7ab114be2c068b3c",
                "sha256:024ca478df22e9340661486f85298cff5f6dcdba14f3813e8830015b9ed1948f"
            ],
            "index": "pypi",
            "markers": "python_version >= '3.7'",
            "version": "==0.9.0"
        }
    },
    "develop": {}
}
